
Microsoft Visual Studio Solution File, Format Version 12.00
# Visual Studio Version 16
VisualStudioVersion = 16.0.30225.117
MinimumVisualStudioVersion = 10.0.40219.1
Project("{9A19103F-16F7-4668-BE54-9A1E7A4F7556}") = "SmartTrade", "SmartTrade\SmartTrade.csproj", "{9CD5E00B-D81B-4BE6-83EE-242FBE84C39A}"
EndProject
Project("{9A19103F-16F7-4668-BE54-9A1E7A4F7556}") = "SmartTrade.Data", "SmartTrade.Data\SmartTrade.Data.csproj", "{935197ED-FF60-47FD-B20E-0DB689AE9D0C}"
EndProject
Project("{FAE04EC0-301F-11D3-BF4B-00C04F79EFBC}") = "SmartTrade.Api", "SmartTrade.Api\SmartTrade.Api.csproj", "{C61CF07E-56E3-46FD-8C5B-548374166272}"
EndProject
Global
	GlobalSection(SolutionConfigurationPlatforms) = preSolution
		Debug|Any CPU = Debug|Any CPU
		Release|Any CPU = Release|Any CPU
	EndGlobalSection
	GlobalSection(ProjectConfigurationPlatforms) = postSolution
		{9CD5E00B-D81B-4BE6-83EE-242FBE84C39A}.Debug|Any CPU.ActiveCfg = Debug|Any CPU
		{9CD5E00B-D81B-4BE6-83EE-242FBE84C39A}.Debug|Any CPU.Build.0 = Debug|Any CPU
		{9CD5E00B-D81B-4BE6-83EE-242FBE84C39A}.Release|Any CPU.ActiveCfg = Release|Any CPU
		{9CD5E00B-D81B-4BE6-83EE-242FBE84C39A}.Release|Any CPU.Build.0 = Release|Any CPU
		{935197ED-FF60-47FD-B20E-0DB689AE9D0C}.Debug|Any CPU.ActiveCfg = Debug|Any CPU
		{935197ED-FF60-47FD-B20E-0DB689AE9D0C}.Debug|Any CPU.Build.0 = Debug|Any CPU
		{935197ED-FF60-47FD-B20E-0DB689AE9D0C}.Release|Any CPU.ActiveCfg = Release|Any CPU
		{935197ED-FF60-47FD-B20E-0DB689AE9D0C}.Release|Any CPU.Build.0 = Release|Any CPU
		{C61CF07E-56E3-46FD-8C5B-548374166272}.Debug|Any CPU.ActiveCfg = Debug|Any CPU
		{C61CF07E-56E3-46FD-8C5B-548374166272}.Debug|Any CPU.Build.0 = Debug|Any CPU
		{C61CF07E-56E3-46FD-8C5B-548374166272}.Release|Any CPU.ActiveCfg = Release|Any CPU
		{C61CF07E-56E3-46FD-8C5B-548374166272}.Release|Any CPU.Build.0 = Release|Any CPU
	EndGlobalSection
	GlobalSection(SolutionProperties) = preSolution
		HideSolutionNode = FALSE
	EndGlobalSection
	GlobalSection(ExtensibilityGlobals) = postSolution
		SolutionGuid = {63E010F3-E261-4143-AB9F-A03235596117}
	EndGlobalSection
EndGlobal
